// !$*UTF8*$!
{
	archiveVersion = 1;
	classes = {
	};
	objectVersion = 50;
	objects = {

/* Begin PBXBuildFile section */
		71FEC6D5A4CE538EED843B84 /* Pods_Transactions.framework in Frameworks */ = {isa = PBXBuildFile; fileRef = 47D2BC708C41B239D40DCD0B /* Pods_Transactions.framework */; };
		9142142721623C0E0033E460 /* AppDelegate.swift in Sources */ = {isa = PBXBuildFile; fileRef = 9142142621623C0E0033E460 /* AppDelegate.swift */; };
		9142142921623C0E0033E460 /* ViewController.swift in Sources */ = {isa = PBXBuildFile; fileRef = 9142142821623C0E0033E460 /* ViewController.swift */; };
		9142142C21623C0E0033E460 /* Main.storyboard in Resources */ = {isa = PBXBuildFile; fileRef = 9142142A21623C0E0033E460 /* Main.storyboard */; };
		9142142E21623C110033E460 /* Assets.xcassets in Resources */ = {isa = PBXBuildFile; fileRef = 9142142D21623C110033E460 /* Assets.xcassets */; };
		9142143121623C110033E460 /* LaunchScreen.storyboard in Resources */ = {isa = PBXBuildFile; fileRef = 9142142F21623C110033E460 /* LaunchScreen.storyboard */; };
		9142143C21623C110033E460 /* TransactionsTests.swift in Sources */ = {isa = PBXBuildFile; fileRef = 9142143B21623C110033E460 /* TransactionsTests.swift */; };
		9142144721623C110033E460 /* TransactionsUITests.swift in Sources */ = {isa = PBXBuildFile; fileRef = 9142144621623C110033E460 /* TransactionsUITests.swift */; };
		9142145521623D610033E460 /* GoogleService-Info.plist in Resources */ = {isa = PBXBuildFile; fileRef = 9142145421623D610033E460 /* GoogleService-Info.plist */; };
/* End PBXBuildFile section */

/* Begin PBXContainerItemProxy section */
		9142143821623C110033E460 /* PBXContainerItemProxy */ = {
			isa = PBXContainerItemProxy;
			containerPortal = 9142141B21623C0D0033E460 /* Project object */;
			proxyType = 1;
			remoteGlobalIDString = 9142142221623C0E0033E460;
			remoteInfo = Transactions;
		};
		9142144321623C110033E460 /* PBXContainerItemProxy */ = {
			isa = PBXContainerItemProxy;
			containerPortal = 9142141B21623C0D0033E460 /* Project object */;
			proxyType = 1;
			remoteGlobalIDString = 9142142221623C0E0033E460;
			remoteInfo = Transactions;
		};
/* End PBXContainerItemProxy section */

/* Begin PBXFileReference section */
		28786321FA96382448B86E6C /* Pods-Transactions.debug.xcconfig */ = {isa = PBXFileReference; includeInIndex = 1; lastKnownFileType = text.xcconfig; name = "Pods-Transactions.debug.xcconfig"; path = "Pods/Target Support Files/Pods-Transactions/Pods-Transactions.debug.xcconfig"; sourceTree = "<group>"; };
		47D2BC708C41B239D40DCD0B /* Pods_Transactions.framework */ = {isa = PBXFileReference; explicitFileType = wrapper.framework; includeInIndex = 0; path = Pods_Transactions.framework; sourceTree = BUILT_PRODUCTS_DIR; };
		8A68DB4B018B7E1F7C76A981 /* Pods-Transactions.release.xcconfig */ = {isa = PBXFileReference; includeInIndex = 1; lastKnownFileType = text.xcconfig; name = "Pods-Transactions.release.xcconfig"; path = "Pods/Target Support Files/Pods-Transactions/Pods-Transactions.release.xcconfig"; sourceTree = "<group>"; };
		9142142321623C0E0033E460 /* Transactions.app */ = {isa = PBXFileReference; explicitFileType = wrapper.application; includeInIndex = 0; path = Transactions.app; sourceTree = BUILT_PRODUCTS_DIR; };
		9142142621623C0E0033E460 /* AppDelegate.swift */ = {isa = PBXFileReference; lastKnownFileType = sourcecode.swift; path = AppDelegate.swift; sourceTree = "<group>"; };
		9142142821623C0E0033E460 /* ViewController.swift */ = {isa = PBXFileReference; lastKnownFileType = sourcecode.swift; path = ViewController.swift; sourceTree = "<group>"; };
		9142142B21623C0E0033E460 /* Base */ = {isa = PBXFileReference; lastKnownFileType = file.storyboard; name = Base; path = Base.lproj/Main.storyboard; sourceTree = "<group>"; };
		9142142D21623C110033E460 /* Assets.xcassets */ = {isa = PBXFileReference; lastKnownFileType = folder.assetcatalog; path = Assets.xcassets; sourceTree = "<group>"; };
		9142143021623C110033E460 /* Base */ = {isa = PBXFileReference; lastKnownFileType = file.storyboard; name = Base; path = Base.lproj/LaunchScreen.storyboard; sourceTree = "<group>"; };
		9142143221623C110033E460 /* Info.plist */ = {isa = PBXFileReference; lastKnownFileType = text.plist.xml; path = Info.plist; sourceTree = "<group>"; };
		9142143721623C110033E460 /* TransactionsTests.xctest */ = {isa = PBXFileReference; explicitFileType = wrapper.cfbundle; includeInIndex = 0; path = TransactionsTests.xctest; sourceTree = BUILT_PRODUCTS_DIR; };
		9142143B21623C110033E460 /* TransactionsTests.swift */ = {isa = PBXFileReference; lastKnownFileType = sourcecode.swift; path = TransactionsTests.swift; sourceTree = "<group>"; };
		9142143D21623C110033E460 /* Info.plist */ = {isa = PBXFileReference; lastKnownFileType = text.plist.xml; path = Info.plist; sourceTree = "<group>"; };
		9142144221623C110033E460 /* TransactionsUITests.xctest */ = {isa = PBXFileReference; explicitFileType = wrapper.cfbundle; includeInIndex = 0; path = TransactionsUITests.xctest; sourceTree = BUILT_PRODUCTS_DIR; };
		9142144621623C110033E460 /* TransactionsUITests.swift */ = {isa = PBXFileReference; lastKnownFileType = sourcecode.swift; path = TransactionsUITests.swift; sourceTree = "<group>"; };
		9142144821623C110033E460 /* Info.plist */ = {isa = PBXFileReference; lastKnownFileType = text.plist.xml; path = Info.plist; sourceTree = "<group>"; };
		9142145421623D610033E460 /* GoogleService-Info.plist */ = {isa = PBXFileReference; fileEncoding = 4; lastKnownFileType = text.plist.xml; path = "GoogleService-Info.plist"; sourceTree = "<group>"; };
		9DE57BF853896C5689FE8A47 /* Pods_TransactionsUITests.framework */ = {isa = PBXFileReference; explicitFileType = wrapper.framework; includeInIndex = 0; path = Pods_TransactionsUITests.framework; sourceTree = BUILT_PRODUCTS_DIR; };
		AF3FE925DC6FA087D20F2E58 /* Pods_TransactionsTests.framework */ = {isa = PBXFileReference; explicitFileType = wrapper.framework; includeInIndex = 0; path = Pods_TransactionsTests.framework; sourceTree = BUILT_PRODUCTS_DIR; };
/* End PBXFileReference section */

/* Begin PBXFrameworksBuildPhase section */
		9142142021623C0E0033E460 /* Frameworks */ = {
			isa = PBXFrameworksBuildPhase;
			buildActionMask = 2147483647;
			files = (
				71FEC6D5A4CE538EED843B84 /* Pods_Transactions.framework in Frameworks */,
			);
			runOnlyForDeploymentPostprocessing = 0;
		};
		9142143421623C110033E460 /* Frameworks */ = {
			isa = PBXFrameworksBuildPhase;
			buildActionMask = 2147483647;
			files = (
			);
			runOnlyForDeploymentPostprocessing = 0;
		};
		9142143F21623C110033E460 /* Frameworks */ = {
			isa = PBXFrameworksBuildPhase;
			buildActionMask = 2147483647;
			files = (
			);
			runOnlyForDeploymentPostprocessing = 0;
		};
/* End PBXFrameworksBuildPhase section */

/* Begin PBXGroup section */
		15BEBE90B3D6BB808B400C5B /* Pods */ = {
			isa = PBXGroup;
			children = (
				28786321FA96382448B86E6C /* Pods-Transactions.debug.xcconfig */,
				8A68DB4B018B7E1F7C76A981 /* Pods-Transactions.release.xcconfig */,
			);
			name = Pods;
			sourceTree = "<group>";
		};
		9142141A21623C0D0033E460 = {
			isa = PBXGroup;
			children = (
				9142142521623C0E0033E460 /* Transactions */,
				9142143A21623C110033E460 /* TransactionsTests */,
				9142144521623C110033E460 /* TransactionsUITests */,
				9142142421623C0E0033E460 /* Products */,
				15BEBE90B3D6BB808B400C5B /* Pods */,
				9B2C96CE77BBA99CF9B4A39C /* Frameworks */,
			);
			sourceTree = "<group>";
		};
		9142142421623C0E0033E460 /* Products */ = {
			isa = PBXGroup;
			children = (
				9142142321623C0E0033E460 /* Transactions.app */,
				9142143721623C110033E460 /* TransactionsTests.xctest */,
				9142144221623C110033E460 /* TransactionsUITests.xctest */,
			);
			name = Products;
			sourceTree = "<group>";
		};
		9142142521623C0E0033E460 /* Transactions */ = {
			isa = PBXGroup;
			children = (
				9142142621623C0E0033E460 /* AppDelegate.swift */,
				9142142821623C0E0033E460 /* ViewController.swift */,
				9142142A21623C0E0033E460 /* Main.storyboard */,
				9142142D21623C110033E460 /* Assets.xcassets */,
				9142142F21623C110033E460 /* LaunchScreen.storyboard */,
				9142143221623C110033E460 /* Info.plist */,
				9142145421623D610033E460 /* GoogleService-Info.plist */,
			);
			path = Transactions;
			sourceTree = "<group>";
		};
		9142143A21623C110033E460 /* TransactionsTests */ = {
			isa = PBXGroup;
			children = (
				9142143B21623C110033E460 /* TransactionsTests.swift */,
				9142143D21623C110033E460 /* Info.plist */,
			);
			path = TransactionsTests;
			sourceTree = "<group>";
		};
		9142144521623C110033E460 /* TransactionsUITests */ = {
			isa = PBXGroup;
			children = (
				9142144621623C110033E460 /* TransactionsUITests.swift */,
				9142144821623C110033E460 /* Info.plist */,
			);
			path = TransactionsUITests;
			sourceTree = "<group>";
		};
		9B2C96CE77BBA99CF9B4A39C /* Frameworks */ = {
			isa = PBXGroup;
			children = (
				47D2BC708C41B239D40DCD0B /* Pods_Transactions.framework */,
				AF3FE925DC6FA087D20F2E58 /* Pods_TransactionsTests.framework */,
				9DE57BF853896C5689FE8A47 /* Pods_TransactionsUITests.framework */,
			);
			name = Frameworks;
			sourceTree = "<group>";
		};
/* End PBXGroup section */

/* Begin PBXNativeTarget section */
		9142142221623C0E0033E460 /* Transactions */ = {
			isa = PBXNativeTarget;
			buildConfigurationList = 9142144B21623C110033E460 /* Build configuration list for PBXNativeTarget "Transactions" */;
			buildPhases = (
				54BDF54E1A4A4317004C06AB /* [CP] Check Pods Manifest.lock */,
				9142141F21623C0E0033E460 /* Sources */,
				9142142021623C0E0033E460 /* Frameworks */,
				9142142121623C0E0033E460 /* Resources */,
				5C8AC2E8E4DE8C93EEF55CF8 /* [CP] Embed Pods Frameworks */,
			);
			buildRules = (
			);
			dependencies = (
			);
			name = Transactions;
			productName = Transactions;
			productReference = 9142142321623C0E0033E460 /* Transactions.app */;
			productType = "com.apple.product-type.application";
		};
		9142143621623C110033E460 /* TransactionsTests */ = {
			isa = PBXNativeTarget;
			buildConfigurationList = 9142144E21623C110033E460 /* Build configuration list for PBXNativeTarget "TransactionsTests" */;
			buildPhases = (
				9142143321623C110033E460 /* Sources */,
				9142143421623C110033E460 /* Frameworks */,
				9142143521623C110033E460 /* Resources */,
			);
			buildRules = (
			);
			dependencies = (
				9142143921623C110033E460 /* PBXTargetDependency */,
			);
			name = TransactionsTests;
			productName = TransactionsTests;
			productReference = 9142143721623C110033E460 /* TransactionsTests.xctest */;
			productType = "com.apple.product-type.bundle.unit-test";
		};
		9142144121623C110033E460 /* TransactionsUITests */ = {
			isa = PBXNativeTarget;
			buildConfigurationList = 9142145121623C110033E460 /* Build configuration list for PBXNativeTarget "TransactionsUITests" */;
			buildPhases = (
				9142143E21623C110033E460 /* Sources */,
				9142143F21623C110033E460 /* Frameworks */,
				9142144021623C110033E460 /* Resources */,
			);
			buildRules = (
			);
			dependencies = (
				9142144421623C110033E460 /* PBXTargetDependency */,
			);
			name = TransactionsUITests;
			productName = TransactionsUITests;
			productReference = 9142144221623C110033E460 /* TransactionsUITests.xctest */;
			productType = "com.apple.product-type.bundle.ui-testing";
		};
/* End PBXNativeTarget section */

/* Begin PBXProject section */
		9142141B21623C0D0033E460 /* Project object */ = {
			isa = PBXProject;
			attributes = {
				LastSwiftUpdateCheck = 1000;
				LastUpgradeCheck = 1000;
				ORGANIZATIONNAME = "Felipe Kestelman";
				TargetAttributes = {
					9142142221623C0E0033E460 = {
						CreatedOnToolsVersion = 10.0;
						LastSwiftMigration = 1000;
					};
					9142143621623C110033E460 = {
						CreatedOnToolsVersion = 10.0;
						TestTargetID = 9142142221623C0E0033E460;
					};
					9142144121623C110033E460 = {
						CreatedOnToolsVersion = 10.0;
						TestTargetID = 9142142221623C0E0033E460;
					};
				};
			};
			buildConfigurationList = 9142141E21623C0E0033E460 /* Build configuration list for PBXProject "Transactions" */;
			compatibilityVersion = "Xcode 9.3";
			developmentRegion = en;
			hasScannedForEncodings = 0;
			knownRegions = (
				en,
				Base,
			);
			mainGroup = 9142141A21623C0D0033E460;
			productRefGroup = 9142142421623C0E0033E460 /* Products */;
			projectDirPath = "";
			projectRoot = "";
			targets = (
				9142142221623C0E0033E460 /* Transactions */,
				9142143621623C110033E460 /* TransactionsTests */,
				9142144121623C110033E460 /* TransactionsUITests */,
			);
		};
/* End PBXProject section */

/* Begin PBXResourcesBuildPhase section */
		9142142121623C0E0033E460 /* Resources */ = {
			isa = PBXResourcesBuildPhase;
			buildActionMask = 2147483647;
			files = (
				9142143121623C110033E460 /* LaunchScreen.storyboard in Resources */,
				9142142E21623C110033E460 /* Assets.xcassets in Resources */,
				9142145521623D610033E460 /* GoogleService-Info.plist in Resources */,
				9142142C21623C0E0033E460 /* Main.storyboard in Resources */,
			);
			runOnlyForDeploymentPostprocessing = 0;
		};
		9142143521623C110033E460 /* Resources */ = {
			isa = PBXResourcesBuildPhase;
			buildActionMask = 2147483647;
			files = (
			);
			runOnlyForDeploymentPostprocessing = 0;
		};
		9142144021623C110033E460 /* Resources */ = {
			isa = PBXResourcesBuildPhase;
			buildActionMask = 2147483647;
			files = (
			);
			runOnlyForDeploymentPostprocessing = 0;
		};
/* End PBXResourcesBuildPhase section */

/* Begin PBXShellScriptBuildPhase section */
		54BDF54E1A4A4317004C06AB /* [CP] Check Pods Manifest.lock */ = {
			isa = PBXShellScriptBuildPhase;
			buildActionMask = 2147483647;
			files = (
			);
			inputPaths = (
				"${PODS_PODFILE_DIR_PATH}/Podfile.lock",
				"${PODS_ROOT}/Manifest.lock",
			);
			name = "[CP] Check Pods Manifest.lock";
			outputPaths = (
				"$(DERIVED_FILE_DIR)/Pods-Transactions-checkManifestLockResult.txt",
			);
			runOnlyForDeploymentPostprocessing = 0;
			shellPath = /bin/sh;
			shellScript = "diff \"${PODS_PODFILE_DIR_PATH}/Podfile.lock\" \"${PODS_ROOT}/Manifest.lock\" > /dev/null\nif [ $? != 0 ] ; then\n    # print error to STDERR\n    echo \"error: The sandbox is not in sync with the Podfile.lock. Run 'pod install' or update your CocoaPods installation.\" >&2\n    exit 1\nfi\n# This output is used by Xcode 'outputs' to avoid re-running this script phase.\necho \"SUCCESS\" > \"${SCRIPT_OUTPUT_FILE_0}\"\n";
			showEnvVarsInLog = 0;
		};
		5C8AC2E8E4DE8C93EEF55CF8 /* [CP] Embed Pods Frameworks */ = {
			isa = PBXShellScriptBuildPhase;
			buildActionMask = 2147483647;
			files = (
			);
			inputPaths = (
				"${SRCROOT}/Pods/Target Support Files/Pods-Transactions/Pods-Transactions-frameworks.sh",
				"${BUILT_PRODUCTS_DIR}/BoringSSL/openssl.framework",
				"${BUILT_PRODUCTS_DIR}/GoogleToolboxForMac/GoogleToolboxForMac.framework",
				"${BUILT_PRODUCTS_DIR}/Protobuf/Protobuf.framework",
				"${BUILT_PRODUCTS_DIR}/gRPC/GRPCClient.framework",
				"${BUILT_PRODUCTS_DIR}/gRPC-Core/grpc.framework",
				"${BUILT_PRODUCTS_DIR}/gRPC-ProtoRPC/ProtoRPC.framework",
				"${BUILT_PRODUCTS_DIR}/gRPC-RxLibrary/RxLibrary.framework",
				"${BUILT_PRODUCTS_DIR}/leveldb-library/leveldb.framework",
				"${BUILT_PRODUCTS_DIR}/nanopb/nanopb.framework",
			);
			name = "[CP] Embed Pods Frameworks";
			outputPaths = (
				"${TARGET_BUILD_DIR}/${FRAMEWORKS_FOLDER_PATH}/openssl.framework",
				"${TARGET_BUILD_DIR}/${FRAMEWORKS_FOLDER_PATH}/GoogleToolboxForMac.framework",
				"${TARGET_BUILD_DIR}/${FRAMEWORKS_FOLDER_PATH}/Protobuf.framework",
				"${TARGET_BUILD_DIR}/${FRAMEWORKS_FOLDER_PATH}/GRPCClient.framework",
				"${TARGET_BUILD_DIR}/${FRAMEWORKS_FOLDER_PATH}/grpc.framework",
				"${TARGET_BUILD_DIR}/${FRAMEWORKS_FOLDER_PATH}/ProtoRPC.framework",
				"${TARGET_BUILD_DIR}/${FRAMEWORKS_FOLDER_PATH}/RxLibrary.framework",
				"${TARGET_BUILD_DIR}/${FRAMEWORKS_FOLDER_PATH}/leveldb.framework",
				"${TARGET_BUILD_DIR}/${FRAMEWORKS_FOLDER_PATH}/nanopb.framework",
			);
			runOnlyForDeploymentPostprocessing = 0;
			shellPath = /bin/sh;
			shellScript = "\"${SRCROOT}/Pods/Target Support Files/Pods-Transactions/Pods-Transactions-frameworks.sh\"\n";
			showEnvVarsInLog = 0;
		};
/* End PBXShellScriptBuildPhase section */

/* Begin PBXSourcesBuildPhase section */
		9142141F21623C0E0033E460 /* Sources */ = {
			isa = PBXSourcesBuildPhase;
			buildActionMask = 2147483647;
			files = (
				9142142921623C0E0033E460 /* ViewController.swift in Sources */,
				9142142721623C0E0033E460 /* AppDelegate.swift in Sources */,
			);
			runOnlyForDeploymentPostprocessing = 0;
		};
		9142143321623C110033E460 /* Sources */ = {
			isa = PBXSourcesBuildPhase;
			buildActionMask = 2147483647;
			files = (
				9142143C21623C110033E460 /* TransactionsTests.swift in Sources */,
			);
			runOnlyForDeploymentPostprocessing = 0;
		};
		9142143E21623C110033E460 /* Sources */ = {
			isa = PBXSourcesBuildPhase;
			buildActionMask = 2147483647;
			files = (
				9142144721623C110033E460 /* TransactionsUITests.swift in Sources */,
			);
			runOnlyForDeploymentPostprocessing = 0;
		};
/* End PBXSourcesBuildPhase section */

/* Begin PBXTargetDependency section */
		9142143921623C110033E460 /* PBXTargetDependency */ = {
			isa = PBXTargetDependency;
			target = 9142142221623C0E0033E460 /* Transactions */;
			targetProxy = 9142143821623C110033E460 /* PBXContainerItemProxy */;
		};
		9142144421623C110033E460 /* PBXTargetDependency */ = {
			isa = PBXTargetDependency;
			target = 9142142221623C0E0033E460 /* Transactions */;
			targetProxy = 9142144321623C110033E460 /* PBXContainerItemProxy */;
		};
/* End PBXTargetDependency section */

/* Begin PBXVariantGroup section */
		9142142A21623C0E0033E460 /* Main.storyboard */ = {
			isa = PBXVariantGroup;
			children = (
				9142142B21623C0E0033E460 /* Base */,
			);
			name = Main.storyboard;
			sourceTree = "<group>";
		};
		9142142F21623C110033E460 /* LaunchScreen.storyboard */ = {
			isa = PBXVariantGroup;
			children = (
				9142143021623C110033E460 /* Base */,
			);
			name = LaunchScreen.storyboard;
			sourceTree = "<group>";
		};
/* End PBXVariantGroup section */

/* Begin XCBuildConfiguration section */
		9142144921623C110033E460 /* Debug */ = {
			isa = XCBuildConfiguration;
			buildSettings = {
				ALWAYS_SEARCH_USER_PATHS = NO;
				CLANG_ANALYZER_NONNULL = YES;
				CLANG_ANALYZER_NUMBER_OBJECT_CONVERSION = YES_AGGRESSIVE;
				CLANG_CXX_LANGUAGE_STANDARD = "gnu++14";
				CLANG_CXX_LIBRARY = "libc++";
				CLANG_ENABLE_MODULES = YES;
				CLANG_ENABLE_OBJC_ARC = YES;
				CLANG_ENABLE_OBJC_WEAK = YES;
				CLANG_WARN_BLOCK_CAPTURE_AUTORELEASING = YES;
				CLANG_WARN_BOOL_CONVERSION = YES;
				CLANG_WARN_COMMA = YES;
				CLANG_WARN_CONSTANT_CONVERSION = YES;
				CLANG_WARN_DEPRECATED_OBJC_IMPLEMENTATIONS = YES;
				CLANG_WARN_DIRECT_OBJC_ISA_USAGE = YES_ERROR;
				CLANG_WARN_DOCUMENTATION_COMMENTS = YES;
				CLANG_WARN_EMPTY_BODY = YES;
				CLANG_WARN_ENUM_CONVERSION = YES;
				CLANG_WARN_INFINITE_RECURSION = YES;
				CLANG_WARN_INT_CONVERSION = YES;
				CLANG_WARN_NON_LITERAL_NULL_CONVERSION = YES;
				CLANG_WARN_OBJC_IMPLICIT_RETAIN_SELF = YES;
				CLANG_WARN_OBJC_LITERAL_CONVERSION = YES;
				CLANG_WARN_OBJC_ROOT_CLASS = YES_ERROR;
				CLANG_WARN_RANGE_LOOP_ANALYSIS = YES;
				CLANG_WARN_STRICT_PROTOTYPES = YES;
				CLANG_WARN_SUSPICIOUS_MOVE = YES;
				CLANG_WARN_UNGUARDED_AVAILABILITY = YES_AGGRESSIVE;
				CLANG_WARN_UNREACHABLE_CODE = YES;
				CLANG_WARN__DUPLICATE_METHOD_MATCH = YES;
				CODE_SIGN_IDENTITY = "iPhone Developer";
				COPY_PHASE_STRIP = NO;
				DEBUG_INFORMATION_FORMAT = dwarf;
				ENABLE_STRICT_OBJC_MSGSEND = YES;
				ENABLE_TESTABILITY = YES;
				GCC_C_LANGUAGE_STANDARD = gnu11;
				GCC_DYNAMIC_NO_PIC = NO;
				GCC_NO_COMMON_BLOCKS = YES;
				GCC_OPTIMIZATION_LEVEL = 0;
				GCC_PREPROCESSOR_DEFINITIONS = (
					"DEBUG=1",
					"$(inherited)",
				);
				GCC_WARN_64_TO_32_BIT_CONVERSION = YES;
				GCC_WARN_ABOUT_RETURN_TYPE = YES_ERROR;
				GCC_WARN_UNDECLARED_SELECTOR = YES;
				GCC_WARN_UNINITIALIZED_AUTOS = YES_AGGRESSIVE;
				GCC_WARN_UNUSED_FUNCTION = YES;
				GCC_WARN_UNUSED_VARIABLE = YES;
				IPHONEOS_DEPLOYMENT_TARGET = 12.0;
				MTL_ENABLE_DEBUG_INFO = INCLUDE_SOURCE;
				MTL_FAST_MATH = YES;
				ONLY_ACTIVE_ARCH = YES;
				SDKROOT = iphoneos;
				SWIFT_ACTIVE_COMPILATION_CONDITIONS = DEBUG;
				SWIFT_OPTIMIZATION_LEVEL = "-Onone";
			};
			name = Debug;
		};
		9142144A21623C110033E460 /* Release */ = {
			isa = XCBuildConfiguration;
			buildSettings = {
				ALWAYS_SEARCH_USER_PATHS = NO;
				CLANG_ANALYZER_NONNULL = YES;
				CLANG_ANALYZER_NUMBER_OBJECT_CONVERSION = YES_AGGRESSIVE;
				CLANG_CXX_LANGUAGE_STANDARD = "gnu++14";
				CLANG_CXX_LIBRARY = "libc++";
				CLANG_ENABLE_MODULES = YES;
				CLANG_ENABLE_OBJC_ARC = YES;
				CLANG_ENABLE_OBJC_WEAK = YES;
				CLANG_WARN_BLOCK_CAPTURE_AUTORELEASING = YES;
				CLANG_WARN_BOOL_CONVERSION = YES;
				CLANG_WARN_COMMA = YES;
				CLANG_WARN_CONSTANT_CONVERSION = YES;
				CLANG_WARN_DEPRECATED_OBJC_IMPLEMENTATIONS = YES;
				CLANG_WARN_DIRECT_OBJC_ISA_USAGE = YES_ERROR;
				CLANG_WARN_DOCUMENTATION_COMMENTS = YES;
				CLANG_WARN_EMPTY_BODY = YES;
				CLANG_WARN_ENUM_CONVERSION = YES;
				CLANG_WARN_INFINITE_RECURSION = YES;
				CLANG_WARN_INT_CONVERSION = YES;
				CLANG_WARN_NON_LITERAL_NULL_CONVERSION = YES;
				CLANG_WARN_OBJC_IMPLICIT_RETAIN_SELF = YES;
				CLANG_WARN_OBJC_LITERAL_CONVERSION = YES;
				CLANG_WARN_OBJC_ROOT_CLASS = YES_ERROR;
				CLANG_WARN_RANGE_LOOP_ANALYSIS = YES;
				CLANG_WARN_STRICT_PROTOTYPES = YES;
				CLANG_WARN_SUSPICIOUS_MOVE = YES;
				CLANG_WARN_UNGUARDED_AVAILABILITY = YES_AGGRESSIVE;
				CLANG_WARN_UNREACHABLE_CODE = YES;
				CLANG_WARN__DUPLICATE_METHOD_MATCH = YES;
				CODE_SIGN_IDENTITY = "iPhone Developer";
				COPY_PHASE_STRIP = NO;
				DEBUG_INFORMATION_FORMAT = "dwarf-with-dsym";
				ENABLE_NS_ASSERTIONS = NO;
				ENABLE_STRICT_OBJC_MSGSEND = YES;
				GCC_C_LANGUAGE_STANDARD = gnu11;
				GCC_NO_COMMON_BLOCKS = YES;
				GCC_WARN_64_TO_32_BIT_CONVERSION = YES;
				GCC_WARN_ABOUT_RETURN_TYPE = YES_ERROR;
				GCC_WARN_UNDECLARED_SELECTOR = YES;
				GCC_WARN_UNINITIALIZED_AUTOS = YES_AGGRESSIVE;
				GCC_WARN_UNUSED_FUNCTION = YES;
				GCC_WARN_UNUSED_VARIABLE = YES;
				IPHONEOS_DEPLOYMENT_TARGET = 12.0;
				MTL_ENABLE_DEBUG_INFO = NO;
				MTL_FAST_MATH = YES;
				SDKROOT = iphoneos;
				SWIFT_COMPILATION_MODE = wholemodule;
				SWIFT_OPTIMIZATION_LEVEL = "-O";
				VALIDATE_PRODUCT = YES;
			};
			name = Release;
		};
		9142144C21623C110033E460 /* Debug */ = {
			isa = XCBuildConfiguration;
			baseConfigurationReference = 28786321FA96382448B86E6C /* Pods-Transactions.debug.xcconfig */;
			buildSettings = {
				ASSETCATALOG_COMPILER_APPICON_NAME = AppIcon;
				CLANG_ENABLE_MODULES = YES;
				CODE_SIGN_STYLE = Automatic;
				DEVELOPMENT_TEAM = "";
				INFOPLIST_FILE = Transactions/Info.plist;
				LD_RUNPATH_SEARCH_PATHS = (
					"$(inherited)",
					"@executable_path/Frameworks",
				);
				PRODUCT_BUNDLE_IDENTIFIER = felipe.transactions;
				PRODUCT_NAME = "$(TARGET_NAME)";
				SWIFT_OPTIMIZATION_LEVEL = "-Onone";
				SWIFT_VERSION = 4.2;
				TARGETED_DEVICE_FAMILY = "1,2";
			};
			name = Debug;
		};
		9142144D21623C110033E460 /* Release */ = {
			isa = XCBuildConfiguration;
			baseConfigurationReference = 8A68DB4B018B7E1F7C76A981 /* Pods-Transactions.release.xcconfig */;
			buildSettings = {
				ASSETCATALOG_COMPILER_APPICON_NAME = AppIcon;
				CLANG_ENABLE_MODULES = YES;
				CODE_SIGN_STYLE = Automatic;
				DEVELOPMENT_TEAM = "";
				INFOPLIST_FILE = Transactions/Info.plist;
				LD_RUNPATH_SEARCH_PATHS = (
					"$(inherited)",
					"@executable_path/Frameworks",
				);
				PRODUCT_BUNDLE_IDENTIFIER = felipe.transactions;
				PRODUCT_NAME = "$(TARGET_NAME)";
				SWIFT_VERSION = 4.2;
				TARGETED_DEVICE_FAMILY = "1,2";
			};
			name = Release;
		};
		9142144F21623C110033E460 /* Debug */ = {
			isa = XCBuildConfiguration;
			buildSettings = {
				ALWAYS_EMBED_SWIFT_STANDARD_LIBRARIES = YES;
				BUNDLE_LOADER = "$(TEST_HOST)";
				CODE_SIGN_STYLE = Automatic;
				DEVELOPMENT_TEAM = 93LU37KCD9;
				INFOPLIST_FILE = TransactionsTests/Info.plist;
				LD_RUNPATH_SEARCH_PATHS = (
					"$(inherited)",
					"@executable_path/Frameworks",
					"@loader_path/Frameworks",
				);
				PRODUCT_BUNDLE_IDENTIFIER = Watch.TransactionsTests;
				PRODUCT_NAME = "$(TARGET_NAME)";
				SWIFT_VERSION = 4.2;
				TARGETED_DEVICE_FAMILY = "1,2";
				TEST_HOST = "$(BUILT_PRODUCTS_DIR)/Transactions.app/Transactions";
			};
			name = Debug;
		};
		9142145021623C110033E460 /* Release */ = {
			isa = XCBuildConfiguration;
			buildSettings = {
				ALWAYS_EMBED_SWIFT_STANDARD_LIBRARIES = YES;
				BUNDLE_LOADER = "$(TEST_HOST)";
				CODE_SIGN_STYLE = Automatic;
				DEVELOPMENT_TEAM = 93LU37KCD9;
				INFOPLIST_FILE = TransactionsTests/Info.plist;
				LD_RUNPATH_SEARCH_PATHS = (
					"$(inherited)",
					"@executable_path/Frameworks",
					"@loader_path/Frameworks",
				);
				PRODUCT_BUNDLE_IDENTIFIER = Watch.TransactionsTests;
				PRODUCT_NAME = "$(TARGET_NAME)";
				SWIFT_VERSION = 4.2;
				TARGETED_DEVICE_FAMILY = "1,2";
				TEST_HOST = "$(BUILT_PRODUCTS_DIR)/Transactions.app/Transactions";
			};
			name = Release;
		};
		9142145221623C110033E460 /* Debug */ = {
			isa = XCBuildConfiguration;
			buildSettings = {
				ALWAYS_EMBED_SWIFT_STANDARD_LIBRARIES = YES;
				CODE_SIGN_STYLE = Automatic;
				DEVELOPMENT_TEAM = 93LU37KCD9;
				INFOPLIST_FILE = TransactionsUITests/Info.plist;
				LD_RUNPATH_SEARCH_PATHS = (
					"$(inherited)",
					"@executable_path/Frameworks",
					"@loader_path/Frameworks",
				);
				PRODUCT_BUNDLE_IDENTIFIER = Watch.TransactionsUITests;
				PRODUCT_NAME = "$(TARGET_NAME)";
				SWIFT_VERSION = 4.2;
				TARGETED_DEVICE_FAMILY = "1,2";
				TEST_TARGET_NAME = Transactions;
			};
			name = Debug;
		};
		9142145321623C110033E460 /* Release */ = {
			isa = XCBuildConfiguration;
			buildSettings = {
				ALWAYS_EMBED_SWIFT_STANDARD_LIBRARIES = YES;
				CODE_SIGN_STYLE = Automatic;
				DEVELOPMENT_TEAM = 93LU37KCD9;
				INFOPLIST_FILE = TransactionsUITests/Info.plist;
				LD_RUNPATH_SEARCH_PATHS = (
					"$(inherited)",
					"@executable_path/Frameworks",
					"@loader_path/Frameworks",
				);
				PRODUCT_BUNDLE_IDENTIFIER = Watch.TransactionsUITests;
				PRODUCT_NAME = "$(TARGET_NAME)";
				SWIFT_VERSION = 4.2;
				TARGETED_DEVICE_FAMILY = "1,2";
				TEST_TARGET_NAME = Transactions;
			};
			name = Release;
		};
/* End XCBuildConfiguration section */

/* Begin XCConfigurationList section */
		9142141E21623C0E0033E460 /* Build configuration list for PBXProject "Transactions" */ = {
			isa = XCConfigurationList;
			buildConfigurations = (
				9142144921623C110033E460 /* Debug */,
				9142144A21623C110033E460 /* Release */,
			);
			defaultConfigurationIsVisible = 0;
			defaultConfigurationName = Release;
		};
		9142144B21623C110033E460 /* Build configuration list for PBXNativeTarget "Transactions" */ = {
			isa = XCConfigurationList;
			buildConfigurations = (
				9142144C21623C110033E460 /* Debug */,
				9142144D21623C110033E460 /* Release */,
			);
			defaultConfigurationIsVisible = 0;
			defaultConfigurationName = Release;
		};
		9142144E21623C110033E460 /* Build configuration list for PBXNativeTarget "TransactionsTests" */ = {
			isa = XCConfigurationList;
			buildConfigurations = (
				9142144F21623C110033E460 /* Debug */,
				9142145021623C110033E460 /* Release */,
			);
			defaultConfigurationIsVisible = 0;
			defaultConfigurationName = Release;
		};
		9142145121623C110033E460 /* Build configuration list for PBXNativeTarget "TransactionsUITests" */ = {
			isa = XCConfigurationList;
			buildConfigurations = (
				9142145221623C110033E460 /* Debug */,
				9142145321623C110033E460 /* Release */,
			);
			defaultConfigurationIsVisible = 0;
			defaultConfigurationName = Release;
		};
/* End XCConfigurationList section */
	};
	rootObject = 9142141B21623C0D0033E460 /* Project object */;
}
